
Microsoft Visual Studio Solution File, Format Version 12.00
# Visual Studio Version 17
VisualStudioVersion = 17.7.34031.279
MinimumVisualStudioVersion = 10.0.40219.1
Project("{FAE04EC0-301F-11D3-BF4B-00C04F79EFBC}") = "Server", "Server\Server.csproj", "{DEFF4D9F-F321-4253-A16F-E6CED5DF185E}"
EndProject
Project("{FAE04EC0-301F-11D3-BF4B-00C04F79EFBC}") = "Client", "Client\Client.csproj", "{55DB345F-9BD8-4408-91A4-441144F25476}"
EndProject
Global
	GlobalSection(SolutionConfigurationPlatforms) = preSolution
		Debug|Any CPU = Debug|Any CPU
		Release|Any CPU = Release|Any CPU
	EndGlobalSection
	GlobalSection(ProjectConfigurationPlatforms) = postSolution
		{DEFF4D9F-F321-4253-A16F-E6CED5DF185E}.Debug|Any CPU.ActiveCfg = Debug|Any CPU
		{DEFF4D9F-F321-4253-A16F-E6CED5DF185E}.Debug|Any CPU.Build.0 = Debug|Any CPU
		{DEFF4D9F-F321-4253-A16F-E6CED5DF185E}.Release|Any CPU.ActiveCfg = Release|Any CPU
		{DEFF4D9F-F321-4253-A16F-E6CED5DF185E}.Release|Any CPU.Build.0 = Release|Any CPU
		{55DB345F-9BD8-4408-91A4-441144F25476}.Debug|Any CPU.ActiveCfg = Debug|Any CPU
		{55DB345F-9BD8-4408-91A4-441144F25476}.Debug|Any CPU.Build.0 = Debug|Any CPU
		{55DB345F-9BD8-4408-91A4-441144F25476}.Release|Any CPU.ActiveCfg = Release|Any CPU
		{55DB345F-9BD8-4408-91A4-441144F25476}.Release|Any CPU.Build.0 = Release|Any CPU
	EndGlobalSection
	GlobalSection(SolutionProperties) = preSolution
		HideSolutionNode = FALSE
	EndGlobalSection
	GlobalSection(ExtensibilityGlobals) = postSolution
		SolutionGuid = {DA0F0399-2A63-4207-BFCB-7902EE12F081}
	EndGlobalSection
EndGlobal
